// !$*UTF8*$!
{
	archiveVersion = 1;
	classes = {
	};
	objectVersion = 46;
	objects = {

/* Begin PBXBuildFile section */
		CE122E981C644252007F5D04 /* AVFoundation.framework in Frameworks */ = {isa = PBXBuildFile; fileRef = CE122E971C644252007F5D04 /* AVFoundation.framework */; };
		CE183C4C1C4F7B2300DF4714 /* recordingView.swift in Sources */ = {isa = PBXBuildFile; fileRef = CE183C4A1C4F7B2300DF4714 /* recordingView.swift */; };
		CEE043491C1B66CC00D0C268 /* AppDelegate.swift in Sources */ = {isa = PBXBuildFile; fileRef = CEE043481C1B66CC00D0C268 /* AppDelegate.swift */; };
		CEE0434B1C1B66CC00D0C268 /* ViewController.swift in Sources */ = {isa = PBXBuildFile; fileRef = CEE0434A1C1B66CC00D0C268 /* ViewController.swift */; };
		CEE0434E1C1B66CC00D0C268 /* Main.storyboard in Resources */ = {isa = PBXBuildFile; fileRef = CEE0434C1C1B66CC00D0C268 /* Main.storyboard */; };
		CEE043501C1B66CC00D0C268 /* Assets.xcassets in Resources */ = {isa = PBXBuildFile; fileRef = CEE0434F1C1B66CC00D0C268 /* Assets.xcassets */; };
		CEE0435E1C1B66CD00D0C268 /* rantsTests.swift in Sources */ = {isa = PBXBuildFile; fileRef = CEE0435D1C1B66CD00D0C268 /* rantsTests.swift */; };
		CEE043691C1B66CD00D0C268 /* rantsUITests.swift in Sources */ = {isa = PBXBuildFile; fileRef = CEE043681C1B66CD00D0C268 /* rantsUITests.swift */; };
		CEE0C6D71C6917BB000E3E41 /* recordings.swift in Sources */ = {isa = PBXBuildFile; fileRef = CEE0C6D61C6917BB000E3E41 /* recordings.swift */; };
		CEE0C6D91C696DBD000E3E41 /* libsqlite3.0.tbd in Frameworks */ = {isa = PBXBuildFile; fileRef = CEE0C6D81C696DBD000E3E41 /* libsqlite3.0.tbd */; };
		CEE0C6F91C69DBB0000E3E41 /* FMDatabase.m in Sources */ = {isa = PBXBuildFile; fileRef = CEE0C6EF1C69DBB0000E3E41 /* FMDatabase.m */; };
		CEE0C6FA1C69DBB0000E3E41 /* FMResultSet.m in Sources */ = {isa = PBXBuildFile; fileRef = CEE0C6F11C69DBB0000E3E41 /* FMResultSet.m */; };
		CEE0C6FB1C69DBB0000E3E41 /* FMDatabaseQueue.m in Sources */ = {isa = PBXBuildFile; fileRef = CEE0C6F31C69DBB0000E3E41 /* FMDatabaseQueue.m */; };
		CEE0C6FC1C69DBB0000E3E41 /* FMDatabaseAdditions.m in Sources */ = {isa = PBXBuildFile; fileRef = CEE0C6F51C69DBB0000E3E41 /* FMDatabaseAdditions.m */; };
		CEE0C6FD1C69DBB0000E3E41 /* FMDatabasePool.m in Sources */ = {isa = PBXBuildFile; fileRef = CEE0C6F71C69DBB0000E3E41 /* FMDatabasePool.m */; };
		CEE0C7001C7AF326000E3E41 /* viewRecs.swift in Sources */ = {isa = PBXBuildFile; fileRef = CEE0C6FF1C7AF326000E3E41 /* viewRecs.swift */; };
/* End PBXBuildFile section */

/* Begin PBXContainerItemProxy section */
		CEE0435A1C1B66CD00D0C268 /* PBXContainerItemProxy */ = {
			isa = PBXContainerItemProxy;
			containerPortal = CEE0433D1C1B66CC00D0C268 /* Project object */;
			proxyType = 1;
			remoteGlobalIDString = CEE043441C1B66CC00D0C268;
			remoteInfo = rants;
		};
		CEE043651C1B66CD00D0C268 /* PBXContainerItemProxy */ = {
			isa = PBXContainerItemProxy;
			containerPortal = CEE0433D1C1B66CC00D0C268 /* Project object */;
			proxyType = 1;
			remoteGlobalIDString = CEE043441C1B66CC00D0C268;
			remoteInfo = rants;
		};
/* End PBXContainerItemProxy section */

/* Begin PBXFileReference section */
		CE122E971C644252007F5D04 /* AVFoundation.framework */ = {isa = PBXFileReference; lastKnownFileType = wrapper.framework; name = AVFoundation.framework; path = System/Library/Frameworks/AVFoundation.framework; sourceTree = SDKROOT; };
		CE183C4A1C4F7B2300DF4714 /* recordingView.swift */ = {isa = PBXFileReference; fileEncoding = 4; lastKnownFileType = sourcecode.swift; path = recordingView.swift; sourceTree = "<group>"; };
		CEE043451C1B66CC00D0C268 /* rants.app */ = {isa = PBXFileReference; explicitFileType = wrapper.application; includeInIndex = 0; path = rants.app; sourceTree = BUILT_PRODUCTS_DIR; };
		CEE043481C1B66CC00D0C268 /* AppDelegate.swift */ = {isa = PBXFileReference; lastKnownFileType = sourcecode.swift; path = AppDelegate.swift; sourceTree = "<group>"; };
		CEE0434A1C1B66CC00D0C268 /* ViewController.swift */ = {isa = PBXFileReference; lastKnownFileType = sourcecode.swift; path = ViewController.swift; sourceTree = "<group>"; };
		CEE0434D1C1B66CC00D0C268 /* Base */ = {isa = PBXFileReference; lastKnownFileType = file.storyboard; name = Base; path = Base.lproj/Main.storyboard; sourceTree = "<group>"; };
		CEE0434F1C1B66CC00D0C268 /* Assets.xcassets */ = {isa = PBXFileReference; lastKnownFileType = folder.assetcatalog; path = Assets.xcassets; sourceTree = "<group>"; };
		CEE043541C1B66CC00D0C268 /* Info.plist */ = {isa = PBXFileReference; lastKnownFileType = text.plist.xml; path = Info.plist; sourceTree = "<group>"; };
		CEE043591C1B66CD00D0C268 /* rantsTests.xctest */ = {isa = PBXFileReference; explicitFileType = wrapper.cfbundle; includeInIndex = 0; path = rantsTests.xctest; sourceTree = BUILT_PRODUCTS_DIR; };
		CEE0435D1C1B66CD00D0C268 /* rantsTests.swift */ = {isa = PBXFileReference; lastKnownFileType = sourcecode.swift; path = rantsTests.swift; sourceTree = "<group>"; };
		CEE0435F1C1B66CD00D0C268 /* Info.plist */ = {isa = PBXFileReference; lastKnownFileType = text.plist.xml; path = Info.plist; sourceTree = "<group>"; };
		CEE043641C1B66CD00D0C268 /* rantsUITests.xctest */ = {isa = PBXFileReference; explicitFileType = wrapper.cfbundle; includeInIndex = 0; path = rantsUITests.xctest; sourceTree = BUILT_PRODUCTS_DIR; };
		CEE043681C1B66CD00D0C268 /* rantsUITests.swift */ = {isa = PBXFileReference; lastKnownFileType = sourcecode.swift; path = rantsUITests.swift; sourceTree = "<group>"; };
		CEE0436A1C1B66CD00D0C268 /* Info.plist */ = {isa = PBXFileReference; lastKnownFileType = text.plist.xml; path = Info.plist; sourceTree = "<group>"; };
		CEE0C6D61C6917BB000E3E41 /* recordings.swift */ = {isa = PBXFileReference; fileEncoding = 4; lastKnownFileType = sourcecode.swift; path = recordings.swift; sourceTree = "<group>"; };
		CEE0C6D81C696DBD000E3E41 /* libsqlite3.0.tbd */ = {isa = PBXFileReference; lastKnownFileType = "sourcecode.text-based-dylib-definition"; name = libsqlite3.0.tbd; path = usr/lib/libsqlite3.0.tbd; sourceTree = SDKROOT; };
		CEE0C6EC1C69DBAF000E3E41 /* rants-Bridging-Header.h */ = {isa = PBXFileReference; lastKnownFileType = sourcecode.c.h; path = "rants-Bridging-Header.h"; sourceTree = SOURCE_ROOT; };
		CEE0C6ED1C69DBB0000E3E41 /* FMDB.h */ = {isa = PBXFileReference; fileEncoding = 4; lastKnownFileType = sourcecode.c.h; name = FMDB.h; path = fmdb/src/fmdb/FMDB.h; sourceTree = "<group>"; };
		CEE0C6EE1C69DBB0000E3E41 /* FMDatabase.h */ = {isa = PBXFileReference; fileEncoding = 4; lastKnownFileType = sourcecode.c.h; name = FMDatabase.h; path = fmdb/src/fmdb/FMDatabase.h; sourceTree = "<group>"; };
		CEE0C6EF1C69DBB0000E3E41 /* FMDatabase.m */ = {isa = PBXFileReference; fileEncoding = 4; lastKnownFileType = sourcecode.c.objc; name = FMDatabase.m; path = fmdb/src/fmdb/FMDatabase.m; sourceTree = "<group>"; };
		CEE0C6F01C69DBB0000E3E41 /* FMResultSet.h */ = {isa = PBXFileReference; fileEncoding = 4; lastKnownFileType = sourcecode.c.h; name = FMResultSet.h; path = fmdb/src/fmdb/FMResultSet.h; sourceTree = "<group>"; };
		CEE0C6F11C69DBB0000E3E41 /* FMResultSet.m */ = {isa = PBXFileReference; fileEncoding = 4; lastKnownFileType = sourcecode.c.objc; name = FMResultSet.m; path = fmdb/src/fmdb/FMResultSet.m; sourceTree = "<group>"; };
		CEE0C6F21C69DBB0000E3E41 /* FMDatabaseQueue.h */ = {isa = PBXFileReference; fileEncoding = 4; lastKnownFileType = sourcecode.c.h; name = FMDatabaseQueue.h; path = fmdb/src/fmdb/FMDatabaseQueue.h; sourceTree = "<group>"; };
		CEE0C6F31C69DBB0000E3E41 /* FMDatabaseQueue.m */ = {isa = PBXFileReference; fileEncoding = 4; lastKnownFileType = sourcecode.c.objc; name = FMDatabaseQueue.m; path = fmdb/src/fmdb/FMDatabaseQueue.m; sourceTree = "<group>"; };
		CEE0C6F41C69DBB0000E3E41 /* FMDatabaseAdditions.h */ = {isa = PBXFileReference; fileEncoding = 4; lastKnownFileType = sourcecode.c.h; name = FMDatabaseAdditions.h; path = fmdb/src/fmdb/FMDatabaseAdditions.h; sourceTree = "<group>"; };
		CEE0C6F51C69DBB0000E3E41 /* FMDatabaseAdditions.m */ = {isa = PBXFileReference; fileEncoding = 4; lastKnownFileType = sourcecode.c.objc; name = FMDatabaseAdditions.m; path = fmdb/src/fmdb/FMDatabaseAdditions.m; sourceTree = "<group>"; };
		CEE0C6F61C69DBB0000E3E41 /* FMDatabasePool.h */ = {isa = PBXFileReference; fileEncoding = 4; lastKnownFileType = sourcecode.c.h; name = FMDatabasePool.h; path = fmdb/src/fmdb/FMDatabasePool.h; sourceTree = "<group>"; };
		CEE0C6F71C69DBB0000E3E41 /* FMDatabasePool.m */ = {isa = PBXFileReference; fileEncoding = 4; lastKnownFileType = sourcecode.c.objc; name = FMDatabasePool.m; path = fmdb/src/fmdb/FMDatabasePool.m; sourceTree = "<group>"; };
		CEE0C6FF1C7AF326000E3E41 /* viewRecs.swift */ = {isa = PBXFileReference; fileEncoding = 4; lastKnownFileType = sourcecode.swift; path = viewRecs.swift; sourceTree = "<group>"; };
/* End PBXFileReference section */

/* Begin PBXFrameworksBuildPhase section */
		CEE043421C1B66CC00D0C268 /* Frameworks */ = {
			isa = PBXFrameworksBuildPhase;
			buildActionMask = 2147483647;
			files = (
				CEE0C6D91C696DBD000E3E41 /* libsqlite3.0.tbd in Frameworks */,
				CE122E981C644252007F5D04 /* AVFoundation.framework in Frameworks */,
			);
			runOnlyForDeploymentPostprocessing = 0;
		};
		CEE043561C1B66CD00D0C268 /* Frameworks */ = {
			isa = PBXFrameworksBuildPhase;
			buildActionMask = 2147483647;
			files = (
			);
			runOnlyForDeploymentPostprocessing = 0;
		};
		CEE043611C1B66CD00D0C268 /* Frameworks */ = {
			isa = PBXFrameworksBuildPhase;
			buildActionMask = 2147483647;
			files = (
			);
			runOnlyForDeploymentPostprocessing = 0;
		};
/* End PBXFrameworksBuildPhase section */

/* Begin PBXGroup section */
		CEE0433C1C1B66CC00D0C268 = {
			isa = PBXGroup;
			children = (
				CEE0C6D81C696DBD000E3E41 /* libsqlite3.0.tbd */,
				CE122E971C644252007F5D04 /* AVFoundation.framework */,
				CEE043471C1B66CC00D0C268 /* rants */,
				CEE0435C1C1B66CD00D0C268 /* rantsTests */,
				CEE043671C1B66CD00D0C268 /* rantsUITests */,
				CEE043461C1B66CC00D0C268 /* Products */,
			);
			sourceTree = "<group>";
		};
		CEE043461C1B66CC00D0C268 /* Products */ = {
			isa = PBXGroup;
			children = (
				CEE043451C1B66CC00D0C268 /* rants.app */,
				CEE043591C1B66CD00D0C268 /* rantsTests.xctest */,
				CEE043641C1B66CD00D0C268 /* rantsUITests.xctest */,
			);
			name = Products;
			sourceTree = "<group>";
		};
		CEE043471C1B66CC00D0C268 /* rants */ = {
			isa = PBXGroup;
			children = (
				CEE0C6EC1C69DBAF000E3E41 /* rants-Bridging-Header.h */,
				CEE0C6ED1C69DBB0000E3E41 /* FMDB.h */,
				CEE0C6EE1C69DBB0000E3E41 /* FMDatabase.h */,
				CEE0C6EF1C69DBB0000E3E41 /* FMDatabase.m */,
				CEE0C6F01C69DBB0000E3E41 /* FMResultSet.h */,
				CEE0C6F11C69DBB0000E3E41 /* FMResultSet.m */,
				CEE0C6F21C69DBB0000E3E41 /* FMDatabaseQueue.h */,
				CEE0C6F31C69DBB0000E3E41 /* FMDatabaseQueue.m */,
				CEE0C6F41C69DBB0000E3E41 /* FMDatabaseAdditions.h */,
				CEE0C6F61C69DBB0000E3E41 /* FMDatabasePool.h */,
				CEE0C6F71C69DBB0000E3E41 /* FMDatabasePool.m */,
				CEE0C6F51C69DBB0000E3E41 /* FMDatabaseAdditions.m */,
				CEE0C6FF1C7AF326000E3E41 /* viewRecs.swift */,
				CE183C4A1C4F7B2300DF4714 /* recordingView.swift */,
				CEE0C6D61C6917BB000E3E41 /* recordings.swift */,
				CEE0434A1C1B66CC00D0C268 /* ViewController.swift */,
				CEE043481C1B66CC00D0C268 /* AppDelegate.swift */,
				CEE0434C1C1B66CC00D0C268 /* Main.storyboard */,
				CEE0434F1C1B66CC00D0C268 /* Assets.xcassets */,
				CEE043541C1B66CC00D0C268 /* Info.plist */,
			);
			path = rants;
			sourceTree = "<group>";
		};
		CEE0435C1C1B66CD00D0C268 /* rantsTests */ = {
			isa = PBXGroup;
			children = (
				CEE0435D1C1B66CD00D0C268 /* rantsTests.swift */,
				CEE0435F1C1B66CD00D0C268 /* Info.plist */,
			);
			path = rantsTests;
			sourceTree = "<group>";
		};
		CEE043671C1B66CD00D0C268 /* rantsUITests */ = {
			isa = PBXGroup;
			children = (
				CEE043681C1B66CD00D0C268 /* rantsUITests.swift */,
				CEE0436A1C1B66CD00D0C268 /* Info.plist */,
			);
			path = rantsUITests;
			sourceTree = "<group>";
		};
/* End PBXGroup section */

/* Begin PBXNativeTarget section */
		CEE043441C1B66CC00D0C268 /* rants */ = {
			isa = PBXNativeTarget;
			buildConfigurationList = CEE0436D1C1B66CD00D0C268 /* Build configuration list for PBXNativeTarget "rants" */;
			buildPhases = (
				CEE043411C1B66CC00D0C268 /* Sources */,
				CEE043421C1B66CC00D0C268 /* Frameworks */,
				CEE043431C1B66CC00D0C268 /* Resources */,
			);
			buildRules = (
			);
			dependencies = (
			);
			name = rants;
			productName = rants;
			productReference = CEE043451C1B66CC00D0C268 /* rants.app */;
			productType = "com.apple.product-type.application";
		};
		CEE043581C1B66CD00D0C268 /* rantsTests */ = {
			isa = PBXNativeTarget;
			buildConfigurationList = CEE043701C1B66CD00D0C268 /* Build configuration list for PBXNativeTarget "rantsTests" */;
			buildPhases = (
				CEE043551C1B66CD00D0C268 /* Sources */,
				CEE043561C1B66CD00D0C268 /* Frameworks */,
				CEE043571C1B66CD00D0C268 /* Resources */,
			);
			buildRules = (
			);
			dependencies = (
				CEE0435B1C1B66CD00D0C268 /* PBXTargetDependency */,
			);
			name = rantsTests;
			productName = rantsTests;
			productReference = CEE043591C1B66CD00D0C268 /* rantsTests.xctest */;
			productType = "com.apple.product-type.bundle.unit-test";
		};
		CEE043631C1B66CD00D0C268 /* rantsUITests */ = {
			isa = PBXNativeTarget;
			buildConfigurationList = CEE043731C1B66CD00D0C268 /* Build configuration list for PBXNativeTarget "rantsUITests" */;
			buildPhases = (
				CEE043601C1B66CD00D0C268 /* Sources */,
				CEE043611C1B66CD00D0C268 /* Frameworks */,
				CEE043621C1B66CD00D0C268 /* Resources */,
			);
			buildRules = (
			);
			dependencies = (
				CEE043661C1B66CD00D0C268 /* PBXTargetDependency */,
			);
			name = rantsUITests;
			productName = rantsUITests;
			productReference = CEE043641C1B66CD00D0C268 /* rantsUITests.xctest */;
			productType = "com.apple.product-type.bundle.ui-testing";
		};
/* End PBXNativeTarget section */

/* Begin PBXProject section */
		CEE0433D1C1B66CC00D0C268 /* Project object */ = {
			isa = PBXProject;
			attributes = {
				LastSwiftUpdateCheck = 0720;
				LastUpgradeCheck = 0720;
				ORGANIZATIONNAME = "Gabriel Velazquez";
				TargetAttributes = {
					CEE043441C1B66CC00D0C268 = {
						CreatedOnToolsVersion = 7.2;
						DevelopmentTeam = PY2D35NE3R;
					};
					CEE043581C1B66CD00D0C268 = {
						CreatedOnToolsVersion = 7.2;
						TestTargetID = CEE043441C1B66CC00D0C268;
					};
					CEE043631C1B66CD00D0C268 = {
						CreatedOnToolsVersion = 7.2;
						TestTargetID = CEE043441C1B66CC00D0C268;
					};
				};
			};
			buildConfigurationList = CEE043401C1B66CC00D0C268 /* Build configuration list for PBXProject "rants" */;
			compatibilityVersion = "Xcode 3.2";
			developmentRegion = English;
			hasScannedForEncodings = 0;
			knownRegions = (
				en,
				Base,
			);
			mainGroup = CEE0433C1C1B66CC00D0C268;
			productRefGroup = CEE043461C1B66CC00D0C268 /* Products */;
			projectDirPath = "";
			projectRoot = "";
			targets = (
				CEE043441C1B66CC00D0C268 /* rants */,
				CEE043581C1B66CD00D0C268 /* rantsTests */,
				CEE043631C1B66CD00D0C268 /* rantsUITests */,
			);
		};
/* End PBXProject section */

/* Begin PBXResourcesBuildPhase section */
		CEE043431C1B66CC00D0C268 /* Resources */ = {
			isa = PBXResourcesBuildPhase;
			buildActionMask = 2147483647;
			files = (
				CEE043501C1B66CC00D0C268 /* Assets.xcassets in Resources */,
				CEE0434E1C1B66CC00D0C268 /* Main.storyboard in Resources */,
			);
			runOnlyForDeploymentPostprocessing = 0;
		};
		CEE043571C1B66CD00D0C268 /* Resources */ = {
			isa = PBXResourcesBuildPhase;
			buildActionMask = 2147483647;
			files = (
			);
			runOnlyForDeploymentPostprocessing = 0;
		};
		CEE043621C1B66CD00D0C268 /* Resources */ = {
			isa = PBXResourcesBuildPhase;
			buildActionMask = 2147483647;
			files = (
			);
			runOnlyForDeploymentPostprocessing = 0;
		};
/* End PBXResourcesBuildPhase section */

/* Begin PBXSourcesBuildPhase section */
		CEE043411C1B66CC00D0C268 /* Sources */ = {
			isa = PBXSourcesBuildPhase;
			buildActionMask = 2147483647;
			files = (
				CEE0434B1C1B66CC00D0C268 /* ViewController.swift in Sources */,
				CEE0C6FB1C69DBB0000E3E41 /* FMDatabaseQueue.m in Sources */,
				CEE043491C1B66CC00D0C268 /* AppDelegate.swift in Sources */,
				CEE0C6FA1C69DBB0000E3E41 /* FMResultSet.m in Sources */,
				CE183C4C1C4F7B2300DF4714 /* recordingView.swift in Sources */,
				CEE0C6FC1C69DBB0000E3E41 /* FMDatabaseAdditions.m in Sources */,
				CEE0C6F91C69DBB0000E3E41 /* FMDatabase.m in Sources */,
				CEE0C7001C7AF326000E3E41 /* viewRecs.swift in Sources */,
				CEE0C6FD1C69DBB0000E3E41 /* FMDatabasePool.m in Sources */,
				CEE0C6D71C6917BB000E3E41 /* recordings.swift in Sources */,
			);
			runOnlyForDeploymentPostprocessing = 0;
		};
		CEE043551C1B66CD00D0C268 /* Sources */ = {
			isa = PBXSourcesBuildPhase;
			buildActionMask = 2147483647;
			files = (
				CEE0435E1C1B66CD00D0C268 /* rantsTests.swift in Sources */,
			);
			runOnlyForDeploymentPostprocessing = 0;
		};
		CEE043601C1B66CD00D0C268 /* Sources */ = {
			isa = PBXSourcesBuildPhase;
			buildActionMask = 2147483647;
			files = (
				CEE043691C1B66CD00D0C268 /* rantsUITests.swift in Sources */,
			);
			runOnlyForDeploymentPostprocessing = 0;
		};
/* End PBXSourcesBuildPhase section */

/* Begin PBXTargetDependency section */
		CEE0435B1C1B66CD00D0C268 /* PBXTargetDependency */ = {
			isa = PBXTargetDependency;
			target = CEE043441C1B66CC00D0C268 /* rants */;
			targetProxy = CEE0435A1C1B66CD00D0C268 /* PBXContainerItemProxy */;
		};
		CEE043661C1B66CD00D0C268 /* PBXTargetDependency */ = {
			isa = PBXTargetDependency;
			target = CEE043441C1B66CC00D0C268 /* rants */;
			targetProxy = CEE043651C1B66CD00D0C268 /* PBXContainerItemProxy */;
		};
/* End PBXTargetDependency section */

/* Begin PBXVariantGroup section */
		CEE0434C1C1B66CC00D0C268 /* Main.storyboard */ = {
			isa = PBXVariantGroup;
			children = (
				CEE0434D1C1B66CC00D0C268 /* Base */,
			);
			name = Main.storyboard;
			sourceTree = "<group>";
		};
/* End PBXVariantGroup section */

/* Begin XCBuildConfiguration section */
		CEE0436B1C1B66CD00D0C268 /* Debug */ = {
			isa = XCBuildConfiguration;
			buildSettings = {
				ALWAYS_SEARCH_USER_PATHS = NO;
				CLANG_CXX_LANGUAGE_STANDARD = "gnu++0x";
				CLANG_CXX_LIBRARY = "libc++";
				CLANG_ENABLE_MODULES = YES;
				CLANG_ENABLE_OBJC_ARC = YES;
				CLANG_WARN_BOOL_CONVERSION = YES;
				CLANG_WARN_CONSTANT_CONVERSION = YES;
				CLANG_WARN_DIRECT_OBJC_ISA_USAGE = YES_ERROR;
				CLANG_WARN_EMPTY_BODY = YES;
				CLANG_WARN_ENUM_CONVERSION = YES;
				CLANG_WARN_INT_CONVERSION = YES;
				CLANG_WARN_OBJC_ROOT_CLASS = YES_ERROR;
				CLANG_WARN_UNREACHABLE_CODE = YES;
				CLANG_WARN__DUPLICATE_METHOD_MATCH = YES;
				"CODE_SIGN_IDENTITY[sdk=iphoneos*]" = "iPhone Developer";
				COPY_PHASE_STRIP = NO;
				DEBUG_INFORMATION_FORMAT = dwarf;
				ENABLE_STRICT_OBJC_MSGSEND = YES;
				ENABLE_TESTABILITY = YES;
				GCC_C_LANGUAGE_STANDARD = gnu99;
				GCC_DYNAMIC_NO_PIC = NO;
				GCC_NO_COMMON_BLOCKS = YES;
				GCC_OPTIMIZATION_LEVEL = 0;
				GCC_PREPROCESSOR_DEFINITIONS = (
					"DEBUG=1",
					"$(inherited)",
				);
				GCC_WARN_64_TO_32_BIT_CONVERSION = YES;
				GCC_WARN_ABOUT_RETURN_TYPE = YES_ERROR;
				GCC_WARN_UNDECLARED_SELECTOR = YES;
				GCC_WARN_UNINITIALIZED_AUTOS = YES_AGGRESSIVE;
				GCC_WARN_UNUSED_FUNCTION = YES;
				GCC_WARN_UNUSED_VARIABLE = YES;
				IPHONEOS_DEPLOYMENT_TARGET = 9.2;
				MTL_ENABLE_DEBUG_INFO = YES;
				ONLY_ACTIVE_ARCH = YES;
				SDKROOT = iphoneos;
				SWIFT_OPTIMIZATION_LEVEL = "-Onone";
				TARGETED_DEVICE_FAMILY = "1,2";
			};
			name = Debug;
		};
		CEE0436C1C1B66CD00D0C268 /* Release */ = {
			isa = XCBuildConfiguration;
			buildSettings = {
				ALWAYS_SEARCH_USER_PATHS = NO;
				CLANG_CXX_LANGUAGE_STANDARD = "gnu++0x";
				CLANG_CXX_LIBRARY = "libc++";
				CLANG_ENABLE_MODULES = YES;
				CLANG_ENABLE_OBJC_ARC = YES;
				CLANG_WARN_BOOL_CONVERSION = YES;
				CLANG_WARN_CONSTANT_CONVERSION = YES;
				CLANG_WARN_DIRECT_OBJC_ISA_USAGE = YES_ERROR;
				CLANG_WARN_EMPTY_BODY = YES;
				CLANG_WARN_ENUM_CONVERSION = YES;
				CLANG_WARN_INT_CONVERSION = YES;
				CLANG_WARN_OBJC_ROOT_CLASS = YES_ERROR;
				CLANG_WARN_UNREACHABLE_CODE = YES;
				CLANG_WARN__DUPLICATE_METHOD_MATCH = YES;
				"CODE_SIGN_IDENTITY[sdk=iphoneos*]" = "iPhone Developer";
				COPY_PHASE_STRIP = NO;
				DEBUG_INFORMATION_FORMAT = "dwarf-with-dsym";
				ENABLE_NS_ASSERTIONS = NO;
				ENABLE_STRICT_OBJC_MSGSEND = YES;
				GCC_C_LANGUAGE_STANDARD = gnu99;
				GCC_NO_COMMON_BLOCKS = YES;
				GCC_WARN_64_TO_32_BIT_CONVERSION = YES;
				GCC_WARN_ABOUT_RETURN_TYPE = YES_ERROR;
				GCC_WARN_UNDECLARED_SELECTOR = YES;
				GCC_WARN_UNINITIALIZED_AUTOS = YES_AGGRESSIVE;
				GCC_WARN_UNUSED_FUNCTION = YES;
				GCC_WARN_UNUSED_VARIABLE = YES;
				IPHONEOS_DEPLOYMENT_TARGET = 9.2;
				MTL_ENABLE_DEBUG_INFO = NO;
				SDKROOT = iphoneos;
				TARGETED_DEVICE_FAMILY = "1,2";
				VALIDATE_PRODUCT = YES;
			};
			name = Release;
		};
		CEE0436E1C1B66CD00D0C268 /* Debug */ = {
			isa = XCBuildConfiguration;
			buildSettings = {
				ASSETCATALOG_COMPILER_APPICON_NAME = AppIcon;
				CLANG_ENABLE_MODULES = YES;
				CODE_SIGN_IDENTITY = "iPhone Developer";
				INFOPLIST_FILE = rants/Info.plist;
				LD_RUNPATH_SEARCH_PATHS = "$(inherited) @executable_path/Frameworks";
				PRODUCT_BUNDLE_IDENTIFIER = "-x.rants";
				PRODUCT_NAME = "$(TARGET_NAME)";
				SWIFT_INSTALL_OBJC_HEADER = YES;
				SWIFT_OBJC_BRIDGING_HEADER = "rants-Bridging-Header.h";
				SWIFT_OPTIMIZATION_LEVEL = "-Onone";
				TARGETED_DEVICE_FAMILY = "1,2";
			};
			name = Debug;
		};
		CEE0436F1C1B66CD00D0C268 /* Release */ = {
			isa = XCBuildConfiguration;
			buildSettings = {
				ASSETCATALOG_COMPILER_APPICON_NAME = AppIcon;
				CLANG_ENABLE_MODULES = YES;
				CODE_SIGN_IDENTITY = "iPhone Developer";
				INFOPLIST_FILE = rants/Info.plist;
				LD_RUNPATH_SEARCH_PATHS = "$(inherited) @executable_path/Frameworks";
				PRODUCT_BUNDLE_IDENTIFIER = "-x.rants";
				PRODUCT_NAME = "$(TARGET_NAME)";
				SWIFT_INSTALL_OBJC_HEADER = YES;
				SWIFT_OBJC_BRIDGING_HEADER = "rants-Bridging-Header.h";
				TARGETED_DEVICE_FAMILY = "1,2";
			};
			name = Release;
		};
		CEE043711C1B66CD00D0C268 /* Debug */ = {
			isa = XCBuildConfiguration;
			buildSettings = {
				BUNDLE_LOADER = "$(TEST_HOST)";
				INFOPLIST_FILE = rantsTests/Info.plist;
				LD_RUNPATH_SEARCH_PATHS = "$(inherited) @executable_path/Frameworks @loader_path/Frameworks";
				PRODUCT_BUNDLE_IDENTIFIER = "-x.rantsTests";
				PRODUCT_NAME = "$(TARGET_NAME)";
				TEST_HOST = "$(BUILT_PRODUCTS_DIR)/rants.app/rants";
			};
			name = Debug;
		};
		CEE043721C1B66CD00D0C268 /* Release */ = {
			isa = XCBuildConfiguration;
			buildSettings = {
				BUNDLE_LOADER = "$(TEST_HOST)";
				INFOPLIST_FILE = rantsTests/Info.plist;
				LD_RUNPATH_SEARCH_PATHS = "$(inherited) @executable_path/Frameworks @loader_path/Frameworks";
				PRODUCT_BUNDLE_IDENTIFIER = "-x.rantsTests";
				PRODUCT_NAME = "$(TARGET_NAME)";
				TEST_HOST = "$(BUILT_PRODUCTS_DIR)/rants.app/rants";
			};
			name = Release;
		};
		CEE043741C1B66CD00D0C268 /* Debug */ = {
			isa = XCBuildConfiguration;
			buildSettings = {
				INFOPLIST_FILE = rantsUITests/Info.plist;
				LD_RUNPATH_SEARCH_PATHS = "$(inherited) @executable_path/Frameworks @loader_path/Frameworks";
				PRODUCT_BUNDLE_IDENTIFIER = "-x.rantsUITests";
				PRODUCT_NAME = "$(TARGET_NAME)";
				TEST_TARGET_NAME = rants;
				USES_XCTRUNNER = YES;
			};
			name = Debug;
		};
		CEE043751C1B66CD00D0C268 /* Release */ = {
			isa = XCBuildConfiguration;
			buildSettings = {
				INFOPLIST_FILE = rantsUITests/Info.plist;
				LD_RUNPATH_SEARCH_PATHS = "$(inherited) @executable_path/Frameworks @loader_path/Frameworks";
				PRODUCT_BUNDLE_IDENTIFIER = "-x.rantsUITests";
				PRODUCT_NAME = "$(TARGET_NAME)";
				TEST_TARGET_NAME = rants;
				USES_XCTRUNNER = YES;
			};
			name = Release;
		};
/* End XCBuildConfiguration section */

/* Begin XCConfigurationList section */
		CEE043401C1B66CC00D0C268 /* Build configuration list for PBXProject "rants" */ = {
			isa = XCConfigurationList;
			buildConfigurations = (
				CEE0436B1C1B66CD00D0C268 /* Debug */,
				CEE0436C1C1B66CD00D0C268 /* Release */,
			);
			defaultConfigurationIsVisible = 0;
			defaultConfigurationName = Release;
		};
		CEE0436D1C1B66CD00D0C268 /* Build configuration list for PBXNativeTarget "rants" */ = {
			isa = XCConfigurationList;
			buildConfigurations = (
				CEE0436E1C1B66CD00D0C268 /* Debug */,
				CEE0436F1C1B66CD00D0C268 /* Release */,
			);
			defaultConfigurationIsVisible = 0;
			defaultConfigurationName = Release;
		};
		CEE043701C1B66CD00D0C268 /* Build configuration list for PBXNativeTarget "rantsTests" */ = {
			isa = XCConfigurationList;
			buildConfigurations = (
				CEE043711C1B66CD00D0C268 /* Debug */,
				CEE043721C1B66CD00D0C268 /* Release */,
			);
			defaultConfigurationIsVisible = 0;
			defaultConfigurationName = Release;
		};
		CEE043731C1B66CD00D0C268 /* Build configuration list for PBXNativeTarget "rantsUITests" */ = {
			isa = XCConfigurationList;
			buildConfigurations = (
				CEE043741C1B66CD00D0C268 /* Debug */,
				CEE043751C1B66CD00D0C268 /* Release */,
			);
			defaultConfigurationIsVisible = 0;
			defaultConfigurationName = Release;
		};
/* End XCConfigurationList section */
	};
	rootObject = CEE0433D1C1B66CC00D0C268 /* Project object */;
}
